
Microsoft Visual Studio Solution File, Format Version 12.00
# Visual Studio Version 17
VisualStudioVersion = 17.11.35431.28
MinimumVisualStudioVersion = 10.0.40219.1
Project("{FAE04EC0-301F-11D3-BF4B-00C04F79EFBC}") = "GTS.ToDoMgmt.Domain", "GTS.ToDoMgmt.Domain\GTS.ToDoMgmt.Domain.csproj", "{E55F013B-B450-4836-B4E1-9DC11F2C4383}"
EndProject
Project("{2150E333-8FDC-42A3-9474-1A3956D46DE8}") = "src", "src", "{BF13FBE2-29F0-483B-83AA-4A41305F5591}"
EndProject
Project("{FAE04EC0-301F-11D3-BF4B-00C04F79EFBC}") = "GTS.ToDoMgmt.Application", "GTS.ToDoMgmt.Application\GTS.ToDoMgmt.Application.csproj", "{7B615A42-69D7-41A0-87B6-6F98972B5816}"
EndProject
Project("{FAE04EC0-301F-11D3-BF4B-00C04F79EFBC}") = "GTS.ToDoMgmt.Infrastructure", "GTS.ToDoMgmt.Infrastructure\GTS.ToDoMgmt.Infrastructure.csproj", "{2B940D6A-5591-4692-AC2E-7B9D858BD157}"
EndProject
Global
	GlobalSection(SolutionConfigurationPlatforms) = preSolution
		Debug|Any CPU = Debug|Any CPU
		Release|Any CPU = Release|Any CPU
	EndGlobalSection
	GlobalSection(ProjectConfigurationPlatforms) = postSolution
		{E55F013B-B450-4836-B4E1-9DC11F2C4383}.Debug|Any CPU.ActiveCfg = Debug|Any CPU
		{E55F013B-B450-4836-B4E1-9DC11F2C4383}.Debug|Any CPU.Build.0 = Debug|Any CPU
		{E55F013B-B450-4836-B4E1-9DC11F2C4383}.Release|Any CPU.ActiveCfg = Release|Any CPU
		{E55F013B-B450-4836-B4E1-9DC11F2C4383}.Release|Any CPU.Build.0 = Release|Any CPU
		{7B615A42-69D7-41A0-87B6-6F98972B5816}.Debug|Any CPU.ActiveCfg = Debug|Any CPU
		{7B615A42-69D7-41A0-87B6-6F98972B5816}.Debug|Any CPU.Build.0 = Debug|Any CPU
		{7B615A42-69D7-41A0-87B6-6F98972B5816}.Release|Any CPU.ActiveCfg = Release|Any CPU
		{7B615A42-69D7-41A0-87B6-6F98972B5816}.Release|Any CPU.Build.0 = Release|Any CPU
		{2B940D6A-5591-4692-AC2E-7B9D858BD157}.Debug|Any CPU.ActiveCfg = Debug|Any CPU
		{2B940D6A-5591-4692-AC2E-7B9D858BD157}.Debug|Any CPU.Build.0 = Debug|Any CPU
		{2B940D6A-5591-4692-AC2E-7B9D858BD157}.Release|Any CPU.ActiveCfg = Release|Any CPU
		{2B940D6A-5591-4692-AC2E-7B9D858BD157}.Release|Any CPU.Build.0 = Release|Any CPU
	EndGlobalSection
	GlobalSection(SolutionProperties) = preSolution
		HideSolutionNode = FALSE
	EndGlobalSection
	GlobalSection(NestedProjects) = preSolution
		{E55F013B-B450-4836-B4E1-9DC11F2C4383} = {BF13FBE2-29F0-483B-83AA-4A41305F5591}
		{7B615A42-69D7-41A0-87B6-6F98972B5816} = {BF13FBE2-29F0-483B-83AA-4A41305F5591}
		{2B940D6A-5591-4692-AC2E-7B9D858BD157} = {BF13FBE2-29F0-483B-83AA-4A41305F5591}
	EndGlobalSection
	GlobalSection(ExtensibilityGlobals) = postSolution
		SolutionGuid = {ACBC3300-E880-4F5D-87E0-8C6C5A813D28}
	EndGlobalSection
EndGlobal
